{
  "name": "@pcoliveira90/pdd",
  "version": "0.2.6",
  "lockfileVersion": 3,
  "requires": true,
  "packages": {
    "": {
      "name": "@pcoliveira90/pdd",
      "version": "0.2.6",
      "license": "MIT",
      "dependencies": {
        "@pcoliveira90/pdd": "^0.2.1-beta.0"
      },
      "bin": {
        "pdd": "bin/pdd-pro.js"
      },
      "engines": {
        "node": ">=18"
      }
    },
    "node_modules/@pcoliveira90/pdd": {
      "version": "0.2.1-beta.0",
      "resolved": "https://registry.npmjs.org/@pcoliveira90/pdd/-/pdd-0.2.1-beta.0.tgz",
      "integrity": "sha512-cd1hW3m9AWW47OLP1koaSC0jZhb6pTYzmHIWbEZnbcJ81802wg+Xvg3vftog3UNmHdPzXgQ2nNpRnQauxz9LOA==",
      "license": "MIT",
      "bin": {
        "pdd": "bin/pdd-pro.js"
      },
      "engines": {
        "node": ">=18"
      }
    }
  }
}
