{
  "name": "@pcoliveira90/pdd",
  "version": "0.7.0",
  "lockfileVersion": 3,
  "requires": true,
  "packages": {
    "": {
      "name": "@pcoliveira90/pdd",
      "version": "0.7.0",
      "license": "MIT",
      "bin": {
        "pdd": "bin/pdd-pro.js",
        "pdd-ai": "bin/pdd-ai.js"
      },
      "engines": {
        "node": ">=18"
      }
    }
  }
}
